
Microsoft Visual Studio Solution File, Format Version 12.00
# Visual Studio Version 17
VisualStudioVersion = 17.6.33829.357
MinimumVisualStudioVersion = 10.0.40219.1
Project("{9A19103F-16F7-4668-BE54-9A1E7A4F7556}") = "LawFirm.Api", "LawFirm\LawFirm.Api\LawFirm.Api.csproj", "{99917B41-2057-4301-8FAD-87D724140E2E}"
EndProject
Project("{9A19103F-16F7-4668-BE54-9A1E7A4F7556}") = "LawFirm.Api.IntegrationTests", "LawFirm\LawFirm.Api.IntegrationTests\LawFirm.Api.IntegrationTests.csproj", "{05B707F9-D5C9-4983-BF2B-45873CBDE616}"
EndProject
Project("{9A19103F-16F7-4668-BE54-9A1E7A4F7556}") = "LawFirm.App", "LawFirm\LawFirm.App\LawFirm.App.csproj", "{0ECE0654-7569-417A-9CCE-7A1F8F206A5A}"
EndProject
Project("{9A19103F-16F7-4668-BE54-9A1E7A4F7556}") = "LawFirm.App.UnitTests", "LawFirm\LawFirm.App.UnitTests\LawFirm.App.UnitTests.csproj", "{C9FF1CCD-87A4-4D9A-979D-EC3E2A83C70C}"
EndProject
Project("{9A19103F-16F7-4668-BE54-9A1E7A4F7556}") = "LawFirm.Application", "LawFirm\LawFirm.Application\LawFirm.Application.csproj", "{B606A97A-0CD3-424E-A8C9-7F904A03F654}"
EndProject
Project("{9A19103F-16F7-4668-BE54-9A1E7A4F7556}") = "LawFirm.Application.UnitTests", "LawFirm\LawFirm.Application.UnitTests\LawFirm.Application.UnitTests.csproj", "{C96F630E-9E2F-4625-8625-46C62197DD55}"
EndProject
Project("{9A19103F-16F7-4668-BE54-9A1E7A4F7556}") = "LawFirm.Domain", "LawFirm\LawFirm.Domain\LawFirm.Domain.csproj", "{0AB5EA92-D543-4CB8-90A8-2B3295B82C94}"
EndProject
Project("{9A19103F-16F7-4668-BE54-9A1E7A4F7556}") = "LawFirm.Identity", "LawFirm\LawFirm.Identity\LawFirm.Identity.csproj", "{D565A94F-D284-43AE-80CA-9FA9417453F3}"
EndProject
Project("{9A19103F-16F7-4668-BE54-9A1E7A4F7556}") = "LawFirm.Infrastructure", "LawFirm\LawFirm.Infrastructure\LawFirm.Infrastructure.csproj", "{1ADAE2EA-9A7E-4EF2-A6B1-6A7A53D371A0}"
EndProject
Project("{9A19103F-16F7-4668-BE54-9A1E7A4F7556}") = "LawFirm.Persistence", "LawFirm\LawFirm.Persistence\LawFirm.Persistence.csproj", "{2E642D03-2DE7-4022-8CA3-F333DC0C7688}"
EndProject
Project("{9A19103F-16F7-4668-BE54-9A1E7A4F7556}") = "LawFirm.Persistence.IntegrationTests", "LawFirm\LawFirm.Persistence.IntegrationTests\LawFirm.Persistence.IntegrationTests.csproj", "{B935F11D-1443-462C-8165-16DE44FAD850}"
EndProject
Project("{2150E333-8FDC-42A3-9474-1A3956D46DE8}") = "src", "src", "{080698E5-CD83-4AFE-882F-31BA0EB04DC6}"
EndProject
Project("{2150E333-8FDC-42A3-9474-1A3956D46DE8}") = "tests", "tests", "{FE306B3C-2565-4F69-A551-9076452AC20A}"
EndProject
Project("{2150E333-8FDC-42A3-9474-1A3956D46DE8}") = "API", "API", "{53D34F4C-9599-4CA6-A406-DA58C2133922}"
EndProject
Project("{2150E333-8FDC-42A3-9474-1A3956D46DE8}") = "Core", "Core", "{BA4CBF29-E617-4706-BD85-8E734D478532}"
EndProject
Project("{2150E333-8FDC-42A3-9474-1A3956D46DE8}") = "Infrastructure", "Infrastructure", "{C5C20ABC-8127-4573-B8C5-6EF3B5236C78}"
EndProject
Project("{2150E333-8FDC-42A3-9474-1A3956D46DE8}") = "UI", "UI", "{329EA55C-6D70-4DC5-9000-33436CB6B038}"
EndProject
Global
	GlobalSection(SolutionConfigurationPlatforms) = preSolution
		Debug|Any CPU = Debug|Any CPU
		Release|Any CPU = Release|Any CPU
	EndGlobalSection
	GlobalSection(ProjectConfigurationPlatforms) = postSolution
		{99917B41-2057-4301-8FAD-87D724140E2E}.Debug|Any CPU.ActiveCfg = Debug|Any CPU
		{99917B41-2057-4301-8FAD-87D724140E2E}.Debug|Any CPU.Build.0 = Debug|Any CPU
		{99917B41-2057-4301-8FAD-87D724140E2E}.Release|Any CPU.ActiveCfg = Release|Any CPU
		{99917B41-2057-4301-8FAD-87D724140E2E}.Release|Any CPU.Build.0 = Release|Any CPU
		{05B707F9-D5C9-4983-BF2B-45873CBDE616}.Debug|Any CPU.ActiveCfg = Debug|Any CPU
		{05B707F9-D5C9-4983-BF2B-45873CBDE616}.Debug|Any CPU.Build.0 = Debug|Any CPU
		{05B707F9-D5C9-4983-BF2B-45873CBDE616}.Release|Any CPU.ActiveCfg = Release|Any CPU
		{05B707F9-D5C9-4983-BF2B-45873CBDE616}.Release|Any CPU.Build.0 = Release|Any CPU
		{0ECE0654-7569-417A-9CCE-7A1F8F206A5A}.Debug|Any CPU.ActiveCfg = Debug|Any CPU
		{0ECE0654-7569-417A-9CCE-7A1F8F206A5A}.Debug|Any CPU.Build.0 = Debug|Any CPU
		{0ECE0654-7569-417A-9CCE-7A1F8F206A5A}.Release|Any CPU.ActiveCfg = Release|Any CPU
		{0ECE0654-7569-417A-9CCE-7A1F8F206A5A}.Release|Any CPU.Build.0 = Release|Any CPU
		{C9FF1CCD-87A4-4D9A-979D-EC3E2A83C70C}.Debug|Any CPU.ActiveCfg = Debug|Any CPU
		{C9FF1CCD-87A4-4D9A-979D-EC3E2A83C70C}.Debug|Any CPU.Build.0 = Debug|Any CPU
		{C9FF1CCD-87A4-4D9A-979D-EC3E2A83C70C}.Release|Any CPU.ActiveCfg = Release|Any CPU
		{C9FF1CCD-87A4-4D9A-979D-EC3E2A83C70C}.Release|Any CPU.Build.0 = Release|Any CPU
		{B606A97A-0CD3-424E-A8C9-7F904A03F654}.Debug|Any CPU.ActiveCfg = Debug|Any CPU
		{B606A97A-0CD3-424E-A8C9-7F904A03F654}.Debug|Any CPU.Build.0 = Debug|Any CPU
		{B606A97A-0CD3-424E-A8C9-7F904A03F654}.Release|Any CPU.ActiveCfg = Release|Any CPU
		{B606A97A-0CD3-424E-A8C9-7F904A03F654}.Release|Any CPU.Build.0 = Release|Any CPU
		{C96F630E-9E2F-4625-8625-46C62197DD55}.Debug|Any CPU.ActiveCfg = Debug|Any CPU
		{C96F630E-9E2F-4625-8625-46C62197DD55}.Debug|Any CPU.Build.0 = Debug|Any CPU
		{C96F630E-9E2F-4625-8625-46C62197DD55}.Release|Any CPU.ActiveCfg = Release|Any CPU
		{C96F630E-9E2F-4625-8625-46C62197DD55}.Release|Any CPU.Build.0 = Release|Any CPU
		{0AB5EA92-D543-4CB8-90A8-2B3295B82C94}.Debug|Any CPU.ActiveCfg = Debug|Any CPU
		{0AB5EA92-D543-4CB8-90A8-2B3295B82C94}.Debug|Any CPU.Build.0 = Debug|Any CPU
		{0AB5EA92-D543-4CB8-90A8-2B3295B82C94}.Release|Any CPU.ActiveCfg = Release|Any CPU
		{0AB5EA92-D543-4CB8-90A8-2B3295B82C94}.Release|Any CPU.Build.0 = Release|Any CPU
		{D565A94F-D284-43AE-80CA-9FA9417453F3}.Debug|Any CPU.ActiveCfg = Debug|Any CPU
		{D565A94F-D284-43AE-80CA-9FA9417453F3}.Debug|Any CPU.Build.0 = Debug|Any CPU
		{D565A94F-D284-43AE-80CA-9FA9417453F3}.Release|Any CPU.ActiveCfg = Release|Any CPU
		{D565A94F-D284-43AE-80CA-9FA9417453F3}.Release|Any CPU.Build.0 = Release|Any CPU
		{1ADAE2EA-9A7E-4EF2-A6B1-6A7A53D371A0}.Debug|Any CPU.ActiveCfg = Debug|Any CPU
		{1ADAE2EA-9A7E-4EF2-A6B1-6A7A53D371A0}.Debug|Any CPU.Build.0 = Debug|Any CPU
		{1ADAE2EA-9A7E-4EF2-A6B1-6A7A53D371A0}.Release|Any CPU.ActiveCfg = Release|Any CPU
		{1ADAE2EA-9A7E-4EF2-A6B1-6A7A53D371A0}.Release|Any CPU.Build.0 = Release|Any CPU
		{2E642D03-2DE7-4022-8CA3-F333DC0C7688}.Debug|Any CPU.ActiveCfg = Debug|Any CPU
		{2E642D03-2DE7-4022-8CA3-F333DC0C7688}.Debug|Any CPU.Build.0 = Debug|Any CPU
		{2E642D03-2DE7-4022-8CA3-F333DC0C7688}.Release|Any CPU.ActiveCfg = Release|Any CPU
		{2E642D03-2DE7-4022-8CA3-F333DC0C7688}.Release|Any CPU.Build.0 = Release|Any CPU
		{B935F11D-1443-462C-8165-16DE44FAD850}.Debug|Any CPU.ActiveCfg = Debug|Any CPU
		{B935F11D-1443-462C-8165-16DE44FAD850}.Debug|Any CPU.Build.0 = Debug|Any CPU
		{B935F11D-1443-462C-8165-16DE44FAD850}.Release|Any CPU.ActiveCfg = Release|Any CPU
		{B935F11D-1443-462C-8165-16DE44FAD850}.Release|Any CPU.Build.0 = Release|Any CPU
	EndGlobalSection
	GlobalSection(SolutionProperties) = preSolution
		HideSolutionNode = FALSE
	EndGlobalSection
	GlobalSection(NestedProjects) = preSolution
		{99917B41-2057-4301-8FAD-87D724140E2E} = {53D34F4C-9599-4CA6-A406-DA58C2133922}
		{05B707F9-D5C9-4983-BF2B-45873CBDE616} = {FE306B3C-2565-4F69-A551-9076452AC20A}
		{0ECE0654-7569-417A-9CCE-7A1F8F206A5A} = {329EA55C-6D70-4DC5-9000-33436CB6B038}
		{C9FF1CCD-87A4-4D9A-979D-EC3E2A83C70C} = {FE306B3C-2565-4F69-A551-9076452AC20A}
		{B606A97A-0CD3-424E-A8C9-7F904A03F654} = {BA4CBF29-E617-4706-BD85-8E734D478532}
		{C96F630E-9E2F-4625-8625-46C62197DD55} = {FE306B3C-2565-4F69-A551-9076452AC20A}
		{0AB5EA92-D543-4CB8-90A8-2B3295B82C94} = {BA4CBF29-E617-4706-BD85-8E734D478532}
		{D565A94F-D284-43AE-80CA-9FA9417453F3} = {C5C20ABC-8127-4573-B8C5-6EF3B5236C78}
		{1ADAE2EA-9A7E-4EF2-A6B1-6A7A53D371A0} = {C5C20ABC-8127-4573-B8C5-6EF3B5236C78}
		{2E642D03-2DE7-4022-8CA3-F333DC0C7688} = {C5C20ABC-8127-4573-B8C5-6EF3B5236C78}
		{B935F11D-1443-462C-8165-16DE44FAD850} = {FE306B3C-2565-4F69-A551-9076452AC20A}
		{53D34F4C-9599-4CA6-A406-DA58C2133922} = {080698E5-CD83-4AFE-882F-31BA0EB04DC6}
		{BA4CBF29-E617-4706-BD85-8E734D478532} = {080698E5-CD83-4AFE-882F-31BA0EB04DC6}
		{C5C20ABC-8127-4573-B8C5-6EF3B5236C78} = {080698E5-CD83-4AFE-882F-31BA0EB04DC6}
		{329EA55C-6D70-4DC5-9000-33436CB6B038} = {080698E5-CD83-4AFE-882F-31BA0EB04DC6}
	EndGlobalSection
	GlobalSection(ExtensibilityGlobals) = postSolution
		SolutionGuid = {7677DDE0-40A3-4036-95C8-1D12424D0CAB}
	EndGlobalSection
EndGlobal
